
Microsoft Visual Studio Solution File, Format Version 12.00
# Visual Studio Version 16
VisualStudioVersion = 16.0.32106.194
MinimumVisualStudioVersion = 10.0.40219.1
Project("{9A19103F-16F7-4668-BE54-9A1E7A4F7556}") = "WpfApp", "WpfApp\WpfApp.csproj", "{AA685BE1-8F3F-41B9-A2E4-5CB7772EA8C1}"
EndProject
Project("{FAE04EC0-301F-11D3-BF4B-00C04F79EFBC}") = "Model", "ClassLibrary\Model.csproj", "{6AF34261-54B3-409C-816B-1F19529D2FE0}"
EndProject
Global
	GlobalSection(SolutionConfigurationPlatforms) = preSolution
		Debug|Any CPU = Debug|Any CPU
		Release|Any CPU = Release|Any CPU
	EndGlobalSection
	GlobalSection(ProjectConfigurationPlatforms) = postSolution
		{AA685BE1-8F3F-41B9-A2E4-5CB7772EA8C1}.Debug|Any CPU.ActiveCfg = Debug|Any CPU
		{AA685BE1-8F3F-41B9-A2E4-5CB7772EA8C1}.Debug|Any CPU.Build.0 = Debug|Any CPU
		{AA685BE1-8F3F-41B9-A2E4-5CB7772EA8C1}.Release|Any CPU.ActiveCfg = Release|Any CPU
		{AA685BE1-8F3F-41B9-A2E4-5CB7772EA8C1}.Release|Any CPU.Build.0 = Release|Any CPU
		{6AF34261-54B3-409C-816B-1F19529D2FE0}.Debug|Any CPU.ActiveCfg = Debug|Any CPU
		{6AF34261-54B3-409C-816B-1F19529D2FE0}.Debug|Any CPU.Build.0 = Debug|Any CPU
		{6AF34261-54B3-409C-816B-1F19529D2FE0}.Release|Any CPU.ActiveCfg = Release|Any CPU
		{6AF34261-54B3-409C-816B-1F19529D2FE0}.Release|Any CPU.Build.0 = Release|Any CPU
	EndGlobalSection
	GlobalSection(SolutionProperties) = preSolution
		HideSolutionNode = FALSE
	EndGlobalSection
	GlobalSection(ExtensibilityGlobals) = postSolution
		SolutionGuid = {8D461B7D-A4EF-4A34-B3E3-9E7B13FA68ED}
	EndGlobalSection
EndGlobal
